
Microsoft Visual Studio Solution File, Format Version 12.00
Project("{FAE04EC0-301F-11D3-BF4B-00C04F79EFBC}") = "SharpArgs", "src\SharpArgs\SharpArgs.csproj", "{01AC8003-64C6-426D-8292-02F364A5A48C}"
EndProject
Project("{FAE04EC0-301F-11D3-BF4B-00C04F79EFBC}") = "SharpArgs.Tests", "SharpArgs.Tests\SharpArgs.Tests.csproj", "{F82C1A6F-EF50-4C2D-85D1-53C85B460A2D}"
EndProject
Global
	GlobalSection(SolutionConfigurationPlatforms) = preSolution
		Debug|Any CPU = Debug|Any CPU
		Release|Any CPU = Release|Any CPU
	EndGlobalSection
	GlobalSection(ProjectConfigurationPlatforms) = postSolution
		{01AC8003-64C6-426D-8292-02F364A5A48C}.Debug|Any CPU.ActiveCfg = Debug|Any CPU
		{01AC8003-64C6-426D-8292-02F364A5A48C}.Debug|Any CPU.Build.0 = Debug|Any CPU
		{01AC8003-64C6-426D-8292-02F364A5A48C}.Release|Any CPU.ActiveCfg = Release|Any CPU
		{01AC8003-64C6-426D-8292-02F364A5A48C}.Release|Any CPU.Build.0 = Release|Any CPU
		{F82C1A6F-EF50-4C2D-85D1-53C85B460A2D}.Debug|Any CPU.ActiveCfg = Debug|Any CPU
		{F82C1A6F-EF50-4C2D-85D1-53C85B460A2D}.Debug|Any CPU.Build.0 = Debug|Any CPU
		{F82C1A6F-EF50-4C2D-85D1-53C85B460A2D}.Release|Any CPU.ActiveCfg = Release|Any CPU
		{F82C1A6F-EF50-4C2D-85D1-53C85B460A2D}.Release|Any CPU.Build.0 = Release|Any CPU
	EndGlobalSection
EndGlobal
